// !$*UTF8*$!
{
	archiveVersion = 1;
	classes = {
	};
	objectVersion = 56;
	objects = {

/* Begin PBXBuildFile section */
		F74D80FA2D5073CF00158E28 /* AppDelegate.m in Sources */ = {isa = PBXBuildFile; fileRef = F74D80F92D5073CF00158E28 /* AppDelegate.m */; };
		F74D80FE2D5073CF00158E28 /* Base in Resources */ = {isa = PBXBuildFile; fileRef = F74D80FD2D5073CF00158E28 /* Base */; };
		F74D81002D5073CF00158E28 /* Icon.png in Resources */ = {isa = PBXBuildFile; fileRef = F74D80FF2D5073CF00158E28 /* Icon.png */; };
		F74D81022D5073CF00158E28 /* Style.css in Resources */ = {isa = PBXBuildFile; fileRef = F74D81012D5073CF00158E28 /* Style.css */; };
		F74D81042D5073CF00158E28 /* Script.js in Resources */ = {isa = PBXBuildFile; fileRef = F74D81032D5073CF00158E28 /* Script.js */; };
		F74D81072D5073CF00158E28 /* ViewController.m in Sources */ = {isa = PBXBuildFile; fileRef = F74D81062D5073CF00158E28 /* ViewController.m */; };
		F74D810A2D5073CF00158E28 /* Base in Resources */ = {isa = PBXBuildFile; fileRef = F74D81092D5073CF00158E28 /* Base */; };
		F74D810C2D5073D000158E28 /* Assets.xcassets in Resources */ = {isa = PBXBuildFile; fileRef = F74D810B2D5073D000158E28 /* Assets.xcassets */; };
		F74D810F2D5073D000158E28 /* main.m in Sources */ = {isa = PBXBuildFile; fileRef = F74D810E2D5073D000158E28 /* main.m */; };
		F74D81172D5073D000158E28 /* FilmbuddLite Extension.appex in Embed Foundation Extensions */ = {isa = PBXBuildFile; fileRef = F74D81162D5073D000158E28 /* FilmbuddLite Extension.appex */; settings = {ATTRIBUTES = (RemoveHeadersOnCopy, ); }; };
		F74D811D2D5073D000158E28 /* SafariWebExtensionHandler.m in Sources */ = {isa = PBXBuildFile; fileRef = F74D811C2D5073D000158E28 /* SafariWebExtensionHandler.m */; };
		F74D81322D5073D000158E28 /* background.js in Resources */ = {isa = PBXBuildFile; fileRef = F74D812A2D5073D000158E28 /* background.js */; };
		F74D81332D5073D000158E28 /* popup.html in Resources */ = {isa = PBXBuildFile; fileRef = F74D812B2D5073D000158E28 /* popup.html */; };
		F74D81342D5073D000158E28 /* chunks in Resources */ = {isa = PBXBuildFile; fileRef = F74D812C2D5073D000158E28 /* chunks */; };
		F74D81352D5073D000158E28 /* content-scripts in Resources */ = {isa = PBXBuildFile; fileRef = F74D812D2D5073D000158E28 /* content-scripts */; };
		F74D81362D5073D000158E28 /* manifest.json in Resources */ = {isa = PBXBuildFile; fileRef = F74D812E2D5073D000158E28 /* manifest.json */; };
		F74D81372D5073D000158E28 /* _locales in Resources */ = {isa = PBXBuildFile; fileRef = F74D812F2D5073D000158E28 /* _locales */; };
		F74D81382D5073D000158E28 /* icon in Resources */ = {isa = PBXBuildFile; fileRef = F74D81302D5073D000158E28 /* icon */; };
		F74D81392D5073D000158E28 /* assets in Resources */ = {isa = PBXBuildFile; fileRef = F74D81312D5073D000158E28 /* assets */; };
/* End PBXBuildFile section */

/* Begin PBXContainerItemProxy section */
		F74D81182D5073D000158E28 /* PBXContainerItemProxy */ = {
			isa = PBXContainerItemProxy;
			containerPortal = F74D80ED2D5073CF00158E28 /* Project object */;
			proxyType = 1;
			remoteGlobalIDString = F74D81152D5073D000158E28;
			remoteInfo = "FilmbuddLite Extension";
		};
/* End PBXContainerItemProxy section */

/* Begin PBXCopyFilesBuildPhase section */
		F74D81252D5073D000158E28 /* Embed Foundation Extensions */ = {
			isa = PBXCopyFilesBuildPhase;
			buildActionMask = 2147483647;
			dstPath = "";
			dstSubfolderSpec = 13;
			files = (
				F74D81172D5073D000158E28 /* FilmbuddLite Extension.appex in Embed Foundation Extensions */,
			);
			name = "Embed Foundation Extensions";
			runOnlyForDeploymentPostprocessing = 0;
		};
/* End PBXCopyFilesBuildPhase section */

/* Begin PBXFileReference section */
		F74D80F52D5073CF00158E28 /* FilmbuddLite.app */ = {isa = PBXFileReference; explicitFileType = wrapper.application; includeInIndex = 0; path = FilmbuddLite.app; sourceTree = BUILT_PRODUCTS_DIR; };
		F74D80F82D5073CF00158E28 /* AppDelegate.h */ = {isa = PBXFileReference; lastKnownFileType = sourcecode.c.h; path = AppDelegate.h; sourceTree = "<group>"; };
		F74D80F92D5073CF00158E28 /* AppDelegate.m */ = {isa = PBXFileReference; lastKnownFileType = sourcecode.c.objc; path = AppDelegate.m; sourceTree = "<group>"; };
		F74D80FD2D5073CF00158E28 /* Base */ = {isa = PBXFileReference; lastKnownFileType = text.html; name = Base; path = ../Base.lproj/Main.html; sourceTree = "<group>"; };
		F74D80FF2D5073CF00158E28 /* Icon.png */ = {isa = PBXFileReference; lastKnownFileType = image.png; path = Icon.png; sourceTree = "<group>"; };
		F74D81012D5073CF00158E28 /* Style.css */ = {isa = PBXFileReference; lastKnownFileType = text.css; path = Style.css; sourceTree = "<group>"; };
		F74D81032D5073CF00158E28 /* Script.js */ = {isa = PBXFileReference; lastKnownFileType = sourcecode.javascript; path = Script.js; sourceTree = "<group>"; };
		F74D81052D5073CF00158E28 /* ViewController.h */ = {isa = PBXFileReference; lastKnownFileType = sourcecode.c.h; path = ViewController.h; sourceTree = "<group>"; };
		F74D81062D5073CF00158E28 /* ViewController.m */ = {isa = PBXFileReference; lastKnownFileType = sourcecode.c.objc; path = ViewController.m; sourceTree = "<group>"; };
		F74D81092D5073CF00158E28 /* Base */ = {isa = PBXFileReference; lastKnownFileType = file.storyboard; name = Base; path = Base.lproj/Main.storyboard; sourceTree = "<group>"; };
		F74D810B2D5073D000158E28 /* Assets.xcassets */ = {isa = PBXFileReference; lastKnownFileType = folder.assetcatalog; path = Assets.xcassets; sourceTree = "<group>"; };
		F74D810D2D5073D000158E28 /* Info.plist */ = {isa = PBXFileReference; lastKnownFileType = text.plist.xml; path = Info.plist; sourceTree = "<group>"; };
		F74D810E2D5073D000158E28 /* main.m */ = {isa = PBXFileReference; lastKnownFileType = sourcecode.c.objc; path = main.m; sourceTree = "<group>"; };
		F74D81102D5073D000158E28 /* FilmbuddLite.entitlements */ = {isa = PBXFileReference; lastKnownFileType = text.plist.entitlements; path = FilmbuddLite.entitlements; sourceTree = "<group>"; };
		F74D81112D5073D000158E28 /* FilmbuddLite.entitlements */ = {isa = PBXFileReference; lastKnownFileType = text.plist.entitlements; path = FilmbuddLite.entitlements; sourceTree = "<group>"; };
		F74D81162D5073D000158E28 /* FilmbuddLite Extension.appex */ = {isa = PBXFileReference; explicitFileType = "wrapper.app-extension"; includeInIndex = 0; path = "FilmbuddLite Extension.appex"; sourceTree = BUILT_PRODUCTS_DIR; };
		F74D811B2D5073D000158E28 /* SafariWebExtensionHandler.h */ = {isa = PBXFileReference; lastKnownFileType = sourcecode.c.h; path = SafariWebExtensionHandler.h; sourceTree = "<group>"; };
		F74D811C2D5073D000158E28 /* SafariWebExtensionHandler.m */ = {isa = PBXFileReference; lastKnownFileType = sourcecode.c.objc; path = SafariWebExtensionHandler.m; sourceTree = "<group>"; };
		F74D811E2D5073D000158E28 /* Info.plist */ = {isa = PBXFileReference; lastKnownFileType = text.plist.xml; path = Info.plist; sourceTree = "<group>"; };
		F74D811F2D5073D000158E28 /* FilmbuddLite_Extension.entitlements */ = {isa = PBXFileReference; lastKnownFileType = text.plist.entitlements; path = FilmbuddLite_Extension.entitlements; sourceTree = "<group>"; };
		F74D812A2D5073D000158E28 /* background.js */ = {isa = PBXFileReference; lastKnownFileType = sourcecode.javascript; name = background.js; path = "../../dist/chrome-mv3/background.js"; sourceTree = "<group>"; };
		F74D812B2D5073D000158E28 /* popup.html */ = {isa = PBXFileReference; lastKnownFileType = text.html; name = popup.html; path = "../../dist/chrome-mv3/popup.html"; sourceTree = "<group>"; };
		F74D812C2D5073D000158E28 /* chunks */ = {isa = PBXFileReference; lastKnownFileType = folder; name = chunks; path = "../../dist/chrome-mv3/chunks"; sourceTree = "<group>"; };
		F74D812D2D5073D000158E28 /* content-scripts */ = {isa = PBXFileReference; lastKnownFileType = folder; name = "content-scripts"; path = "../../dist/chrome-mv3/content-scripts"; sourceTree = "<group>"; };
		F74D812E2D5073D000158E28 /* manifest.json */ = {isa = PBXFileReference; lastKnownFileType = text.json; name = manifest.json; path = "../../dist/chrome-mv3/manifest.json"; sourceTree = "<group>"; };
		F74D812F2D5073D000158E28 /* _locales */ = {isa = PBXFileReference; lastKnownFileType = folder; name = _locales; path = "../../dist/chrome-mv3/_locales"; sourceTree = "<group>"; };
		F74D81302D5073D000158E28 /* icon */ = {isa = PBXFileReference; lastKnownFileType = folder; name = icon; path = "../../dist/chrome-mv3/icon"; sourceTree = "<group>"; };
		F74D81312D5073D000158E28 /* assets */ = {isa = PBXFileReference; lastKnownFileType = folder; name = assets; path = "../../dist/chrome-mv3/assets"; sourceTree = "<group>"; };
/* End PBXFileReference section */

/* Begin PBXFrameworksBuildPhase section */
		F74D80F22D5073CF00158E28 /* Frameworks */ = {
			isa = PBXFrameworksBuildPhase;
			buildActionMask = 2147483647;
			files = (
			);
			runOnlyForDeploymentPostprocessing = 0;
		};
		F74D81132D5073D000158E28 /* Frameworks */ = {
			isa = PBXFrameworksBuildPhase;
			buildActionMask = 2147483647;
			files = (
			);
			runOnlyForDeploymentPostprocessing = 0;
		};
/* End PBXFrameworksBuildPhase section */

/* Begin PBXGroup section */
		F74D80EC2D5073CF00158E28 = {
			isa = PBXGroup;
			children = (
				F74D80F72D5073CF00158E28 /* FilmbuddLite */,
				F74D811A2D5073D000158E28 /* FilmbuddLite Extension */,
				F74D80F62D5073CF00158E28 /* Products */,
			);
			sourceTree = "<group>";
		};
		F74D80F62D5073CF00158E28 /* Products */ = {
			isa = PBXGroup;
			children = (
				F74D80F52D5073CF00158E28 /* FilmbuddLite.app */,
				F74D81162D5073D000158E28 /* FilmbuddLite Extension.appex */,
			);
			name = Products;
			sourceTree = "<group>";
		};
		F74D80F72D5073CF00158E28 /* FilmbuddLite */ = {
			isa = PBXGroup;
			children = (
				F74D80F82D5073CF00158E28 /* AppDelegate.h */,
				F74D80F92D5073CF00158E28 /* AppDelegate.m */,
				F74D81052D5073CF00158E28 /* ViewController.h */,
				F74D81062D5073CF00158E28 /* ViewController.m */,
				F74D81082D5073CF00158E28 /* Main.storyboard */,
				F74D810B2D5073D000158E28 /* Assets.xcassets */,
				F74D810D2D5073D000158E28 /* Info.plist */,
				F74D810E2D5073D000158E28 /* main.m */,
				F74D81102D5073D000158E28 /* FilmbuddLite.entitlements */,
				F74D81112D5073D000158E28 /* FilmbuddLite.entitlements */,
				F74D80FB2D5073CF00158E28 /* Resources */,
			);
			path = FilmbuddLite;
			sourceTree = "<group>";
		};
		F74D80FB2D5073CF00158E28 /* Resources */ = {
			isa = PBXGroup;
			children = (
				F74D80FC2D5073CF00158E28 /* Main.html */,
				F74D80FF2D5073CF00158E28 /* Icon.png */,
				F74D81012D5073CF00158E28 /* Style.css */,
				F74D81032D5073CF00158E28 /* Script.js */,
			);
			path = Resources;
			sourceTree = "<group>";
		};
		F74D811A2D5073D000158E28 /* FilmbuddLite Extension */ = {
			isa = PBXGroup;
			children = (
				F74D81292D5073D000158E28 /* Resources */,
				F74D811B2D5073D000158E28 /* SafariWebExtensionHandler.h */,
				F74D811C2D5073D000158E28 /* SafariWebExtensionHandler.m */,
				F74D811E2D5073D000158E28 /* Info.plist */,
				F74D811F2D5073D000158E28 /* FilmbuddLite_Extension.entitlements */,
			);
			path = "FilmbuddLite Extension";
			sourceTree = "<group>";
		};
		F74D81292D5073D000158E28 /* Resources */ = {
			isa = PBXGroup;
			children = (
				F74D812A2D5073D000158E28 /* background.js */,
				F74D812B2D5073D000158E28 /* popup.html */,
				F74D812C2D5073D000158E28 /* chunks */,
				F74D812D2D5073D000158E28 /* content-scripts */,
				F74D812E2D5073D000158E28 /* manifest.json */,
				F74D812F2D5073D000158E28 /* _locales */,
				F74D81302D5073D000158E28 /* icon */,
				F74D81312D5073D000158E28 /* assets */,
			);
			name = Resources;
			path = "FilmbuddLite Extension";
			sourceTree = SOURCE_ROOT;
		};
/* End PBXGroup section */

/* Begin PBXNativeTarget section */
		F74D80F42D5073CF00158E28 /* FilmbuddLite */ = {
			isa = PBXNativeTarget;
			buildConfigurationList = F74D81262D5073D000158E28 /* Build configuration list for PBXNativeTarget "FilmbuddLite" */;
			buildPhases = (
				F74D80F12D5073CF00158E28 /* Sources */,
				F74D80F22D5073CF00158E28 /* Frameworks */,
				F74D80F32D5073CF00158E28 /* Resources */,
				F74D81252D5073D000158E28 /* Embed Foundation Extensions */,
			);
			buildRules = (
			);
			dependencies = (
				F74D81192D5073D000158E28 /* PBXTargetDependency */,
			);
			name = FilmbuddLite;
			productName = FilmbuddLite;
			productReference = F74D80F52D5073CF00158E28 /* FilmbuddLite.app */;
			productType = "com.apple.product-type.application";
		};
		F74D81152D5073D000158E28 /* FilmbuddLite Extension */ = {
			isa = PBXNativeTarget;
			buildConfigurationList = F74D81222D5073D000158E28 /* Build configuration list for PBXNativeTarget "FilmbuddLite Extension" */;
			buildPhases = (
				F74D81122D5073D000158E28 /* Sources */,
				F74D81132D5073D000158E28 /* Frameworks */,
				F74D81142D5073D000158E28 /* Resources */,
			);
			buildRules = (
			);
			dependencies = (
			);
			name = "FilmbuddLite Extension";
			productName = "FilmbuddLite Extension";
			productReference = F74D81162D5073D000158E28 /* FilmbuddLite Extension.appex */;
			productType = "com.apple.product-type.app-extension";
		};
/* End PBXNativeTarget section */

/* Begin PBXProject section */
		F74D80ED2D5073CF00158E28 /* Project object */ = {
			isa = PBXProject;
			attributes = {
				BuildIndependentTargetsInParallel = 1;
				LastUpgradeCheck = 1540;
				TargetAttributes = {
					F74D80F42D5073CF00158E28 = {
						CreatedOnToolsVersion = 15.4;
					};
					F74D81152D5073D000158E28 = {
						CreatedOnToolsVersion = 15.4;
					};
				};
			};
			buildConfigurationList = F74D80F02D5073CF00158E28 /* Build configuration list for PBXProject "FilmbuddLite" */;
			compatibilityVersion = "Xcode 14.0";
			developmentRegion = en;
			hasScannedForEncodings = 0;
			knownRegions = (
				en,
				Base,
			);
			mainGroup = F74D80EC2D5073CF00158E28;
			productRefGroup = F74D80F62D5073CF00158E28 /* Products */;
			projectDirPath = "";
			projectRoot = "";
			targets = (
				F74D80F42D5073CF00158E28 /* FilmbuddLite */,
				F74D81152D5073D000158E28 /* FilmbuddLite Extension */,
			);
		};
/* End PBXProject section */

/* Begin PBXResourcesBuildPhase section */
		F74D80F32D5073CF00158E28 /* Resources */ = {
			isa = PBXResourcesBuildPhase;
			buildActionMask = 2147483647;
			files = (
				F74D81002D5073CF00158E28 /* Icon.png in Resources */,
				F74D81042D5073CF00158E28 /* Script.js in Resources */,
				F74D80FE2D5073CF00158E28 /* Base in Resources */,
				F74D81022D5073CF00158E28 /* Style.css in Resources */,
				F74D810C2D5073D000158E28 /* Assets.xcassets in Resources */,
				F74D810A2D5073CF00158E28 /* Base in Resources */,
			);
			runOnlyForDeploymentPostprocessing = 0;
		};
		F74D81142D5073D000158E28 /* Resources */ = {
			isa = PBXResourcesBuildPhase;
			buildActionMask = 2147483647;
			files = (
				F74D81372D5073D000158E28 /* _locales in Resources */,
				F74D81392D5073D000158E28 /* assets in Resources */,
				F74D81342D5073D000158E28 /* chunks in Resources */,
				F74D81382D5073D000158E28 /* icon in Resources */,
				F74D81322D5073D000158E28 /* background.js in Resources */,
				F74D81362D5073D000158E28 /* manifest.json in Resources */,
				F74D81332D5073D000158E28 /* popup.html in Resources */,
				F74D81352D5073D000158E28 /* content-scripts in Resources */,
			);
			runOnlyForDeploymentPostprocessing = 0;
		};
/* End PBXResourcesBuildPhase section */

/* Begin PBXSourcesBuildPhase section */
		F74D80F12D5073CF00158E28 /* Sources */ = {
			isa = PBXSourcesBuildPhase;
			buildActionMask = 2147483647;
			files = (
				F74D81072D5073CF00158E28 /* ViewController.m in Sources */,
				F74D810F2D5073D000158E28 /* main.m in Sources */,
				F74D80FA2D5073CF00158E28 /* AppDelegate.m in Sources */,
			);
			runOnlyForDeploymentPostprocessing = 0;
		};
		F74D81122D5073D000158E28 /* Sources */ = {
			isa = PBXSourcesBuildPhase;
			buildActionMask = 2147483647;
			files = (
				F74D811D2D5073D000158E28 /* SafariWebExtensionHandler.m in Sources */,
			);
			runOnlyForDeploymentPostprocessing = 0;
		};
/* End PBXSourcesBuildPhase section */

/* Begin PBXTargetDependency section */
		F74D81192D5073D000158E28 /* PBXTargetDependency */ = {
			isa = PBXTargetDependency;
			target = F74D81152D5073D000158E28 /* FilmbuddLite Extension */;
			targetProxy = F74D81182D5073D000158E28 /* PBXContainerItemProxy */;
		};
/* End PBXTargetDependency section */

/* Begin PBXVariantGroup section */
		F74D80FC2D5073CF00158E28 /* Main.html */ = {
			isa = PBXVariantGroup;
			children = (
				F74D80FD2D5073CF00158E28 /* Base */,
			);
			name = Main.html;
			sourceTree = "<group>";
		};
		F74D81082D5073CF00158E28 /* Main.storyboard */ = {
			isa = PBXVariantGroup;
			children = (
				F74D81092D5073CF00158E28 /* Base */,
			);
			name = Main.storyboard;
			sourceTree = "<group>";
		};
/* End PBXVariantGroup section */

/* Begin XCBuildConfiguration section */
		F74D81202D5073D000158E28 /* Debug */ = {
			isa = XCBuildConfiguration;
			buildSettings = {
				ALWAYS_SEARCH_USER_PATHS = NO;
				ASSETCATALOG_COMPILER_GENERATE_SWIFT_ASSET_SYMBOL_EXTENSIONS = YES;
				CLANG_ANALYZER_NONNULL = YES;
				CLANG_ANALYZER_NUMBER_OBJECT_CONVERSION = YES_AGGRESSIVE;
				CLANG_CXX_LANGUAGE_STANDARD = "gnu++20";
				CLANG_ENABLE_MODULES = YES;
				CLANG_ENABLE_OBJC_ARC = YES;
				CLANG_ENABLE_OBJC_WEAK = YES;
				CLANG_WARN_BLOCK_CAPTURE_AUTORELEASING = YES;
				CLANG_WARN_BOOL_CONVERSION = YES;
				CLANG_WARN_COMMA = YES;
				CLANG_WARN_CONSTANT_CONVERSION = YES;
				CLANG_WARN_DEPRECATED_OBJC_IMPLEMENTATIONS = YES;
				CLANG_WARN_DIRECT_OBJC_ISA_USAGE = YES_ERROR;
				CLANG_WARN_DOCUMENTATION_COMMENTS = YES;
				CLANG_WARN_EMPTY_BODY = YES;
				CLANG_WARN_ENUM_CONVERSION = YES;
				CLANG_WARN_INFINITE_RECURSION = YES;
				CLANG_WARN_INT_CONVERSION = YES;
				CLANG_WARN_NON_LITERAL_NULL_CONVERSION = YES;
				CLANG_WARN_OBJC_IMPLICIT_RETAIN_SELF = YES;
				CLANG_WARN_OBJC_LITERAL_CONVERSION = YES;
				CLANG_WARN_OBJC_ROOT_CLASS = YES_ERROR;
				CLANG_WARN_QUOTED_INCLUDE_IN_FRAMEWORK_HEADER = YES;
				CLANG_WARN_RANGE_LOOP_ANALYSIS = YES;
				CLANG_WARN_STRICT_PROTOTYPES = YES;
				CLANG_WARN_SUSPICIOUS_MOVE = YES;
				CLANG_WARN_UNGUARDED_AVAILABILITY = YES_AGGRESSIVE;
				CLANG_WARN_UNREACHABLE_CODE = YES;
				CLANG_WARN__DUPLICATE_METHOD_MATCH = YES;
				COPY_PHASE_STRIP = NO;
				DEBUG_INFORMATION_FORMAT = dwarf;
				ENABLE_STRICT_OBJC_MSGSEND = YES;
				ENABLE_TESTABILITY = YES;
				ENABLE_USER_SCRIPT_SANDBOXING = YES;
				GCC_C_LANGUAGE_STANDARD = gnu17;
				GCC_DYNAMIC_NO_PIC = NO;
				GCC_NO_COMMON_BLOCKS = YES;
				GCC_OPTIMIZATION_LEVEL = 0;
				GCC_PREPROCESSOR_DEFINITIONS = (
					"DEBUG=1",
					"$(inherited)",
				);
				GCC_WARN_64_TO_32_BIT_CONVERSION = YES;
				GCC_WARN_ABOUT_RETURN_TYPE = YES_ERROR;
				GCC_WARN_UNDECLARED_SELECTOR = YES;
				GCC_WARN_UNINITIALIZED_AUTOS = YES_AGGRESSIVE;
				GCC_WARN_UNUSED_FUNCTION = YES;
				GCC_WARN_UNUSED_VARIABLE = YES;
				LOCALIZATION_PREFERS_STRING_CATALOGS = YES;
				MACOSX_DEPLOYMENT_TARGET = 12.3;
				MTL_ENABLE_DEBUG_INFO = INCLUDE_SOURCE;
				MTL_FAST_MATH = YES;
				ONLY_ACTIVE_ARCH = YES;
				SDKROOT = macosx;
			};
			name = Debug;
		};
		F74D81212D5073D000158E28 /* Release */ = {
			isa = XCBuildConfiguration;
			buildSettings = {
				ALWAYS_SEARCH_USER_PATHS = NO;
				ASSETCATALOG_COMPILER_GENERATE_SWIFT_ASSET_SYMBOL_EXTENSIONS = YES;
				CLANG_ANALYZER_NONNULL = YES;
				CLANG_ANALYZER_NUMBER_OBJECT_CONVERSION = YES_AGGRESSIVE;
				CLANG_CXX_LANGUAGE_STANDARD = "gnu++20";
				CLANG_ENABLE_MODULES = YES;
				CLANG_ENABLE_OBJC_ARC = YES;
				CLANG_ENABLE_OBJC_WEAK = YES;
				CLANG_WARN_BLOCK_CAPTURE_AUTORELEASING = YES;
				CLANG_WARN_BOOL_CONVERSION = YES;
				CLANG_WARN_COMMA = YES;
				CLANG_WARN_CONSTANT_CONVERSION = YES;
				CLANG_WARN_DEPRECATED_OBJC_IMPLEMENTATIONS = YES;
				CLANG_WARN_DIRECT_OBJC_ISA_USAGE = YES_ERROR;
				CLANG_WARN_DOCUMENTATION_COMMENTS = YES;
				CLANG_WARN_EMPTY_BODY = YES;
				CLANG_WARN_ENUM_CONVERSION = YES;
				CLANG_WARN_INFINITE_RECURSION = YES;
				CLANG_WARN_INT_CONVERSION = YES;
				CLANG_WARN_NON_LITERAL_NULL_CONVERSION = YES;
				CLANG_WARN_OBJC_IMPLICIT_RETAIN_SELF = YES;
				CLANG_WARN_OBJC_LITERAL_CONVERSION = YES;
				CLANG_WARN_OBJC_ROOT_CLASS = YES_ERROR;
				CLANG_WARN_QUOTED_INCLUDE_IN_FRAMEWORK_HEADER = YES;
				CLANG_WARN_RANGE_LOOP_ANALYSIS = YES;
				CLANG_WARN_STRICT_PROTOTYPES = YES;
				CLANG_WARN_SUSPICIOUS_MOVE = YES;
				CLANG_WARN_UNGUARDED_AVAILABILITY = YES_AGGRESSIVE;
				CLANG_WARN_UNREACHABLE_CODE = YES;
				CLANG_WARN__DUPLICATE_METHOD_MATCH = YES;
				COPY_PHASE_STRIP = NO;
				DEBUG_INFORMATION_FORMAT = "dwarf-with-dsym";
				ENABLE_NS_ASSERTIONS = NO;
				ENABLE_STRICT_OBJC_MSGSEND = YES;
				ENABLE_USER_SCRIPT_SANDBOXING = YES;
				GCC_C_LANGUAGE_STANDARD = gnu17;
				GCC_NO_COMMON_BLOCKS = YES;
				GCC_WARN_64_TO_32_BIT_CONVERSION = YES;
				GCC_WARN_ABOUT_RETURN_TYPE = YES_ERROR;
				GCC_WARN_UNDECLARED_SELECTOR = YES;
				GCC_WARN_UNINITIALIZED_AUTOS = YES_AGGRESSIVE;
				GCC_WARN_UNUSED_FUNCTION = YES;
				GCC_WARN_UNUSED_VARIABLE = YES;
				LOCALIZATION_PREFERS_STRING_CATALOGS = YES;
				MACOSX_DEPLOYMENT_TARGET = 12.3;
				MTL_ENABLE_DEBUG_INFO = NO;
				MTL_FAST_MATH = YES;
				SDKROOT = macosx;
			};
			name = Release;
		};
		F74D81232D5073D000158E28 /* Debug */ = {
			isa = XCBuildConfiguration;
			buildSettings = {
				CODE_SIGN_ENTITLEMENTS = "FilmbuddLite Extension/FilmbuddLite_Extension.entitlements";
				CODE_SIGN_STYLE = Automatic;
				CURRENT_PROJECT_VERSION = 1;
				ENABLE_HARDENED_RUNTIME = YES;
				GENERATE_INFOPLIST_FILE = YES;
				INFOPLIST_FILE = "FilmbuddLite Extension/Info.plist";
				INFOPLIST_KEY_CFBundleDisplayName = "FilmbuddLite Extension";
				INFOPLIST_KEY_NSHumanReadableCopyright = "";
				LD_RUNPATH_SEARCH_PATHS = (
					"$(inherited)",
					"@executable_path/../Frameworks",
					"@executable_path/../../../../Frameworks",
				);
				MACOSX_DEPLOYMENT_TARGET = 12.3;
				MARKETING_VERSION = 1.0;
				OTHER_LDFLAGS = (
					"-framework",
					SafariServices,
				);
				PRODUCT_BUNDLE_IDENTIFIER = com.filmbudd.FilmbuddLite.Extension;
				PRODUCT_NAME = "$(TARGET_NAME)";
				SKIP_INSTALL = YES;
				SWIFT_EMIT_LOC_STRINGS = YES;
			};
			name = Debug;
		};
		F74D81242D5073D000158E28 /* Release */ = {
			isa = XCBuildConfiguration;
			buildSettings = {
				CODE_SIGN_ENTITLEMENTS = "FilmbuddLite Extension/FilmbuddLite_Extension.entitlements";
				CODE_SIGN_STYLE = Automatic;
				CURRENT_PROJECT_VERSION = 1;
				DEVELOPMENT_TEAM = "";
				ENABLE_HARDENED_RUNTIME = YES;
				GENERATE_INFOPLIST_FILE = YES;
				INFOPLIST_FILE = "FilmbuddLite Extension/Info.plist";
				INFOPLIST_KEY_CFBundleDisplayName = "FilmbuddLite Extension";
				INFOPLIST_KEY_NSHumanReadableCopyright = "";
				LD_RUNPATH_SEARCH_PATHS = (
					"$(inherited)",
					"@executable_path/../Frameworks",
					"@executable_path/../../../../Frameworks",
				);
				MACOSX_DEPLOYMENT_TARGET = 12.3;
				MARKETING_VERSION = 1.0;
				OTHER_LDFLAGS = (
					"-framework",
					SafariServices,
				);
				PRODUCT_BUNDLE_IDENTIFIER = com.filmbudd.FilmbuddLite.Extension;
				PRODUCT_NAME = "$(TARGET_NAME)";
				SKIP_INSTALL = YES;
				SWIFT_EMIT_LOC_STRINGS = YES;
			};
			name = Release;
		};
		F74D81272D5073D000158E28 /* Debug */ = {
			isa = XCBuildConfiguration;
			buildSettings = {
				ASSETCATALOG_COMPILER_APPICON_NAME = AppIcon;
				ASSETCATALOG_COMPILER_GLOBAL_ACCENT_COLOR_NAME = AccentColor;
				CODE_SIGN_ENTITLEMENTS = FilmbuddLite/FilmbuddLite.entitlements;
				CODE_SIGN_STYLE = Automatic;
				COMBINE_HIDPI_IMAGES = YES;
				CURRENT_PROJECT_VERSION = 2;
				DEVELOPMENT_TEAM = "";
				ENABLE_HARDENED_RUNTIME = YES;
				GENERATE_INFOPLIST_FILE = YES;
				INFOPLIST_FILE = FilmbuddLite/Info.plist;
				INFOPLIST_KEY_CFBundleDisplayName = FilmbuddLite;
				INFOPLIST_KEY_LSApplicationCategoryType = "public.app-category.entertainment";
				INFOPLIST_KEY_NSHumanReadableCopyright = "";
				INFOPLIST_KEY_NSMainStoryboardFile = Main;
				INFOPLIST_KEY_NSPrincipalClass = NSApplication;
				LD_RUNPATH_SEARCH_PATHS = (
					"$(inherited)",
					"@executable_path/../Frameworks",
				);
				MACOSX_DEPLOYMENT_TARGET = 12.3;
				MARKETING_VERSION = 24.11.30;
				OTHER_LDFLAGS = (
					"-framework",
					SafariServices,
					"-framework",
					WebKit,
				);
				PRODUCT_BUNDLE_IDENTIFIER = com.filmbudd.FilmbuddLite;
				PRODUCT_NAME = "$(TARGET_NAME)";
				SWIFT_EMIT_LOC_STRINGS = YES;
			};
			name = Debug;
		};
		F74D81282D5073D000158E28 /* Release */ = {
			isa = XCBuildConfiguration;
			buildSettings = {
				ASSETCATALOG_COMPILER_APPICON_NAME = AppIcon;
				ASSETCATALOG_COMPILER_GLOBAL_ACCENT_COLOR_NAME = AccentColor;
				CODE_SIGN_ENTITLEMENTS = FilmbuddLite/FilmbuddLite.entitlements;
				CODE_SIGN_STYLE = Automatic;
				COMBINE_HIDPI_IMAGES = YES;
				CURRENT_PROJECT_VERSION = 2;
				DEVELOPMENT_TEAM = "";
				ENABLE_HARDENED_RUNTIME = YES;
				GENERATE_INFOPLIST_FILE = YES;
				INFOPLIST_FILE = FilmbuddLite/Info.plist;
				INFOPLIST_KEY_CFBundleDisplayName = FilmbuddLite;
				INFOPLIST_KEY_LSApplicationCategoryType = "public.app-category.entertainment";
				INFOPLIST_KEY_NSHumanReadableCopyright = "";
				INFOPLIST_KEY_NSMainStoryboardFile = Main;
				INFOPLIST_KEY_NSPrincipalClass = NSApplication;
				LD_RUNPATH_SEARCH_PATHS = (
					"$(inherited)",
					"@executable_path/../Frameworks",
				);
				MACOSX_DEPLOYMENT_TARGET = 12.3;
				MARKETING_VERSION = 24.11.30;
				OTHER_LDFLAGS = (
					"-framework",
					SafariServices,
					"-framework",
					WebKit,
				);
				PRODUCT_BUNDLE_IDENTIFIER = com.filmbudd.FilmbuddLite;
				PRODUCT_NAME = "$(TARGET_NAME)";
				SWIFT_EMIT_LOC_STRINGS = YES;
			};
			name = Release;
		};
/* End XCBuildConfiguration section */

/* Begin XCConfigurationList section */
		F74D80F02D5073CF00158E28 /* Build configuration list for PBXProject "FilmbuddLite" */ = {
			isa = XCConfigurationList;
			buildConfigurations = (
				F74D81202D5073D000158E28 /* Debug */,
				F74D81212D5073D000158E28 /* Release */,
			);
			defaultConfigurationIsVisible = 0;
			defaultConfigurationName = Release;
		};
		F74D81222D5073D000158E28 /* Build configuration list for PBXNativeTarget "FilmbuddLite Extension" */ = {
			isa = XCConfigurationList;
			buildConfigurations = (
				F74D81232D5073D000158E28 /* Debug */,
				F74D81242D5073D000158E28 /* Release */,
			);
			defaultConfigurationIsVisible = 0;
			defaultConfigurationName = Release;
		};
		F74D81262D5073D000158E28 /* Build configuration list for PBXNativeTarget "FilmbuddLite" */ = {
			isa = XCConfigurationList;
			buildConfigurations = (
				F74D81272D5073D000158E28 /* Debug */,
				F74D81282D5073D000158E28 /* Release */,
			);
			defaultConfigurationIsVisible = 0;
			defaultConfigurationName = Release;
		};
/* End XCConfigurationList section */
	};
	rootObject = F74D80ED2D5073CF00158E28 /* Project object */;
}
