// !$*UTF8*$!
{
	archiveVersion = 1;
	classes = {
	};
	objectVersion = 56;
	objects = {

/* Begin PBXBuildFile section */
		F73153AA2CE7924B006B0051 /* AppDelegate.m in Sources */ = {isa = PBXBuildFile; fileRef = F73153A92CE7924B006B0051 /* AppDelegate.m */; };
		F73153AE2CE7924B006B0051 /* Base in Resources */ = {isa = PBXBuildFile; fileRef = F73153AD2CE7924B006B0051 /* Base */; };
		F73153B02CE7924B006B0051 /* Icon.png in Resources */ = {isa = PBXBuildFile; fileRef = F73153AF2CE7924B006B0051 /* Icon.png */; };
		F73153B22CE7924B006B0051 /* Style.css in Resources */ = {isa = PBXBuildFile; fileRef = F73153B12CE7924B006B0051 /* Style.css */; };
		F73153B42CE7924B006B0051 /* Script.js in Resources */ = {isa = PBXBuildFile; fileRef = F73153B32CE7924B006B0051 /* Script.js */; };
		F73153B72CE7924B006B0051 /* ViewController.m in Sources */ = {isa = PBXBuildFile; fileRef = F73153B62CE7924B006B0051 /* ViewController.m */; };
		F73153BA2CE7924B006B0051 /* Base in Resources */ = {isa = PBXBuildFile; fileRef = F73153B92CE7924B006B0051 /* Base */; };
		F73153BC2CE7924D006B0051 /* Assets.xcassets in Resources */ = {isa = PBXBuildFile; fileRef = F73153BB2CE7924D006B0051 /* Assets.xcassets */; };
		F73153BF2CE7924D006B0051 /* main.m in Sources */ = {isa = PBXBuildFile; fileRef = F73153BE2CE7924D006B0051 /* main.m */; };
		F73153C72CE7924D006B0051 /* FilmbuddLite Extension.appex in Embed Foundation Extensions */ = {isa = PBXBuildFile; fileRef = F73153C62CE7924D006B0051 /* FilmbuddLite Extension.appex */; settings = {ATTRIBUTES = (RemoveHeadersOnCopy, ); }; };
		F73153CD2CE7924D006B0051 /* SafariWebExtensionHandler.m in Sources */ = {isa = PBXBuildFile; fileRef = F73153CC2CE7924D006B0051 /* SafariWebExtensionHandler.m */; };
		F73153E22CE7924D006B0051 /* background.js in Resources */ = {isa = PBXBuildFile; fileRef = F73153DA2CE7924D006B0051 /* background.js */; };
		F73153E32CE7924D006B0051 /* popup.html in Resources */ = {isa = PBXBuildFile; fileRef = F73153DB2CE7924D006B0051 /* popup.html */; };
		F73153E42CE7924D006B0051 /* chunks in Resources */ = {isa = PBXBuildFile; fileRef = F73153DC2CE7924D006B0051 /* chunks */; };
		F73153E52CE7924D006B0051 /* content-scripts in Resources */ = {isa = PBXBuildFile; fileRef = F73153DD2CE7924D006B0051 /* content-scripts */; };
		F73153E62CE7924D006B0051 /* manifest.json in Resources */ = {isa = PBXBuildFile; fileRef = F73153DE2CE7924D006B0051 /* manifest.json */; };
		F73153E72CE7924D006B0051 /* _locales in Resources */ = {isa = PBXBuildFile; fileRef = F73153DF2CE7924D006B0051 /* _locales */; };
		F73153E82CE7924D006B0051 /* icon in Resources */ = {isa = PBXBuildFile; fileRef = F73153E02CE7924D006B0051 /* icon */; };
		F73153E92CE7924D006B0051 /* assets in Resources */ = {isa = PBXBuildFile; fileRef = F73153E12CE7924D006B0051 /* assets */; };
/* End PBXBuildFile section */

/* Begin PBXContainerItemProxy section */
		F73153C82CE7924D006B0051 /* PBXContainerItemProxy */ = {
			isa = PBXContainerItemProxy;
			containerPortal = F731539D2CE7924B006B0051 /* Project object */;
			proxyType = 1;
			remoteGlobalIDString = F73153C52CE7924D006B0051;
			remoteInfo = "FilmbuddLite Extension";
		};
/* End PBXContainerItemProxy section */

/* Begin PBXCopyFilesBuildPhase section */
		F73153D52CE7924D006B0051 /* Embed Foundation Extensions */ = {
			isa = PBXCopyFilesBuildPhase;
			buildActionMask = 2147483647;
			dstPath = "";
			dstSubfolderSpec = 13;
			files = (
				F73153C72CE7924D006B0051 /* FilmbuddLite Extension.appex in Embed Foundation Extensions */,
			);
			name = "Embed Foundation Extensions";
			runOnlyForDeploymentPostprocessing = 0;
		};
/* End PBXCopyFilesBuildPhase section */

/* Begin PBXFileReference section */
		F73153A52CE7924B006B0051 /* FilmbuddLite.app */ = {isa = PBXFileReference; explicitFileType = wrapper.application; includeInIndex = 0; path = FilmbuddLite.app; sourceTree = BUILT_PRODUCTS_DIR; };
		F73153A82CE7924B006B0051 /* AppDelegate.h */ = {isa = PBXFileReference; lastKnownFileType = sourcecode.c.h; path = AppDelegate.h; sourceTree = "<group>"; };
		F73153A92CE7924B006B0051 /* AppDelegate.m */ = {isa = PBXFileReference; lastKnownFileType = sourcecode.c.objc; path = AppDelegate.m; sourceTree = "<group>"; };
		F73153AD2CE7924B006B0051 /* Base */ = {isa = PBXFileReference; lastKnownFileType = text.html; name = Base; path = ../Base.lproj/Main.html; sourceTree = "<group>"; };
		F73153AF2CE7924B006B0051 /* Icon.png */ = {isa = PBXFileReference; lastKnownFileType = image.png; path = Icon.png; sourceTree = "<group>"; };
		F73153B12CE7924B006B0051 /* Style.css */ = {isa = PBXFileReference; lastKnownFileType = text.css; path = Style.css; sourceTree = "<group>"; };
		F73153B32CE7924B006B0051 /* Script.js */ = {isa = PBXFileReference; lastKnownFileType = sourcecode.javascript; path = Script.js; sourceTree = "<group>"; };
		F73153B52CE7924B006B0051 /* ViewController.h */ = {isa = PBXFileReference; lastKnownFileType = sourcecode.c.h; path = ViewController.h; sourceTree = "<group>"; };
		F73153B62CE7924B006B0051 /* ViewController.m */ = {isa = PBXFileReference; lastKnownFileType = sourcecode.c.objc; path = ViewController.m; sourceTree = "<group>"; };
		F73153B92CE7924B006B0051 /* Base */ = {isa = PBXFileReference; lastKnownFileType = file.storyboard; name = Base; path = Base.lproj/Main.storyboard; sourceTree = "<group>"; };
		F73153BB2CE7924D006B0051 /* Assets.xcassets */ = {isa = PBXFileReference; lastKnownFileType = folder.assetcatalog; path = Assets.xcassets; sourceTree = "<group>"; };
		F73153BD2CE7924D006B0051 /* Info.plist */ = {isa = PBXFileReference; lastKnownFileType = text.plist.xml; path = Info.plist; sourceTree = "<group>"; };
		F73153BE2CE7924D006B0051 /* main.m */ = {isa = PBXFileReference; lastKnownFileType = sourcecode.c.objc; path = main.m; sourceTree = "<group>"; };
		F73153C02CE7924D006B0051 /* FilmbuddLite.entitlements */ = {isa = PBXFileReference; lastKnownFileType = text.plist.entitlements; path = FilmbuddLite.entitlements; sourceTree = "<group>"; };
		F73153C12CE7924D006B0051 /* FilmbuddLite.entitlements */ = {isa = PBXFileReference; lastKnownFileType = text.plist.entitlements; path = FilmbuddLite.entitlements; sourceTree = "<group>"; };
		F73153C62CE7924D006B0051 /* FilmbuddLite Extension.appex */ = {isa = PBXFileReference; explicitFileType = "wrapper.app-extension"; includeInIndex = 0; path = "FilmbuddLite Extension.appex"; sourceTree = BUILT_PRODUCTS_DIR; };
		F73153CB2CE7924D006B0051 /* SafariWebExtensionHandler.h */ = {isa = PBXFileReference; lastKnownFileType = sourcecode.c.h; path = SafariWebExtensionHandler.h; sourceTree = "<group>"; };
		F73153CC2CE7924D006B0051 /* SafariWebExtensionHandler.m */ = {isa = PBXFileReference; lastKnownFileType = sourcecode.c.objc; path = SafariWebExtensionHandler.m; sourceTree = "<group>"; };
		F73153CE2CE7924D006B0051 /* Info.plist */ = {isa = PBXFileReference; lastKnownFileType = text.plist.xml; path = Info.plist; sourceTree = "<group>"; };
		F73153CF2CE7924D006B0051 /* FilmbuddLite_Extension.entitlements */ = {isa = PBXFileReference; lastKnownFileType = text.plist.entitlements; path = FilmbuddLite_Extension.entitlements; sourceTree = "<group>"; };
		F73153DA2CE7924D006B0051 /* background.js */ = {isa = PBXFileReference; lastKnownFileType = sourcecode.javascript; name = background.js; path = "../../.output/chrome-mv3/background.js"; sourceTree = "<group>"; };
		F73153DB2CE7924D006B0051 /* popup.html */ = {isa = PBXFileReference; lastKnownFileType = text.html; name = popup.html; path = "../../.output/chrome-mv3/popup.html"; sourceTree = "<group>"; };
		F73153DC2CE7924D006B0051 /* chunks */ = {isa = PBXFileReference; lastKnownFileType = folder; name = chunks; path = "../../.output/chrome-mv3/chunks"; sourceTree = "<group>"; };
		F73153DD2CE7924D006B0051 /* content-scripts */ = {isa = PBXFileReference; lastKnownFileType = folder; name = "content-scripts"; path = "../../.output/chrome-mv3/content-scripts"; sourceTree = "<group>"; };
		F73153DE2CE7924D006B0051 /* manifest.json */ = {isa = PBXFileReference; lastKnownFileType = text.json; name = manifest.json; path = "../../.output/chrome-mv3/manifest.json"; sourceTree = "<group>"; };
		F73153DF2CE7924D006B0051 /* _locales */ = {isa = PBXFileReference; lastKnownFileType = folder; name = _locales; path = "../../.output/chrome-mv3/_locales"; sourceTree = "<group>"; };
		F73153E02CE7924D006B0051 /* icon */ = {isa = PBXFileReference; lastKnownFileType = folder; name = icon; path = "../../.output/chrome-mv3/icon"; sourceTree = "<group>"; };
		F73153E12CE7924D006B0051 /* assets */ = {isa = PBXFileReference; lastKnownFileType = folder; name = assets; path = "../../.output/chrome-mv3/assets"; sourceTree = "<group>"; };
/* End PBXFileReference section */

/* Begin PBXFrameworksBuildPhase section */
		F73153A22CE7924B006B0051 /* Frameworks */ = {
			isa = PBXFrameworksBuildPhase;
			buildActionMask = 2147483647;
			files = (
			);
			runOnlyForDeploymentPostprocessing = 0;
		};
		F73153C32CE7924D006B0051 /* Frameworks */ = {
			isa = PBXFrameworksBuildPhase;
			buildActionMask = 2147483647;
			files = (
			);
			runOnlyForDeploymentPostprocessing = 0;
		};
/* End PBXFrameworksBuildPhase section */

/* Begin PBXGroup section */
		F731539C2CE7924B006B0051 = {
			isa = PBXGroup;
			children = (
				F73153A72CE7924B006B0051 /* FilmbuddLite */,
				F73153CA2CE7924D006B0051 /* FilmbuddLite Extension */,
				F73153A62CE7924B006B0051 /* Products */,
			);
			sourceTree = "<group>";
		};
		F73153A62CE7924B006B0051 /* Products */ = {
			isa = PBXGroup;
			children = (
				F73153A52CE7924B006B0051 /* FilmbuddLite.app */,
				F73153C62CE7924D006B0051 /* FilmbuddLite Extension.appex */,
			);
			name = Products;
			sourceTree = "<group>";
		};
		F73153A72CE7924B006B0051 /* FilmbuddLite */ = {
			isa = PBXGroup;
			children = (
				F73153A82CE7924B006B0051 /* AppDelegate.h */,
				F73153A92CE7924B006B0051 /* AppDelegate.m */,
				F73153B52CE7924B006B0051 /* ViewController.h */,
				F73153B62CE7924B006B0051 /* ViewController.m */,
				F73153B82CE7924B006B0051 /* Main.storyboard */,
				F73153BB2CE7924D006B0051 /* Assets.xcassets */,
				F73153BD2CE7924D006B0051 /* Info.plist */,
				F73153BE2CE7924D006B0051 /* main.m */,
				F73153C02CE7924D006B0051 /* FilmbuddLite.entitlements */,
				F73153C12CE7924D006B0051 /* FilmbuddLite.entitlements */,
				F73153AB2CE7924B006B0051 /* Resources */,
			);
			path = FilmbuddLite;
			sourceTree = "<group>";
		};
		F73153AB2CE7924B006B0051 /* Resources */ = {
			isa = PBXGroup;
			children = (
				F73153AC2CE7924B006B0051 /* Main.html */,
				F73153AF2CE7924B006B0051 /* Icon.png */,
				F73153B12CE7924B006B0051 /* Style.css */,
				F73153B32CE7924B006B0051 /* Script.js */,
			);
			path = Resources;
			sourceTree = "<group>";
		};
		F73153CA2CE7924D006B0051 /* FilmbuddLite Extension */ = {
			isa = PBXGroup;
			children = (
				F73153D92CE7924D006B0051 /* Resources */,
				F73153CB2CE7924D006B0051 /* SafariWebExtensionHandler.h */,
				F73153CC2CE7924D006B0051 /* SafariWebExtensionHandler.m */,
				F73153CE2CE7924D006B0051 /* Info.plist */,
				F73153CF2CE7924D006B0051 /* FilmbuddLite_Extension.entitlements */,
			);
			path = "FilmbuddLite Extension";
			sourceTree = "<group>";
		};
		F73153D92CE7924D006B0051 /* Resources */ = {
			isa = PBXGroup;
			children = (
				F73153DA2CE7924D006B0051 /* background.js */,
				F73153DB2CE7924D006B0051 /* popup.html */,
				F73153DC2CE7924D006B0051 /* chunks */,
				F73153DD2CE7924D006B0051 /* content-scripts */,
				F73153DE2CE7924D006B0051 /* manifest.json */,
				F73153DF2CE7924D006B0051 /* _locales */,
				F73153E02CE7924D006B0051 /* icon */,
				F73153E12CE7924D006B0051 /* assets */,
			);
			name = Resources;
			path = "FilmbuddLite Extension";
			sourceTree = SOURCE_ROOT;
		};
/* End PBXGroup section */

/* Begin PBXNativeTarget section */
		F73153A42CE7924B006B0051 /* FilmbuddLite */ = {
			isa = PBXNativeTarget;
			buildConfigurationList = F73153D62CE7924D006B0051 /* Build configuration list for PBXNativeTarget "FilmbuddLite" */;
			buildPhases = (
				F73153A12CE7924B006B0051 /* Sources */,
				F73153A22CE7924B006B0051 /* Frameworks */,
				F73153A32CE7924B006B0051 /* Resources */,
				F73153D52CE7924D006B0051 /* Embed Foundation Extensions */,
			);
			buildRules = (
			);
			dependencies = (
				F73153C92CE7924D006B0051 /* PBXTargetDependency */,
			);
			name = FilmbuddLite;
			productName = FilmbuddLite;
			productReference = F73153A52CE7924B006B0051 /* FilmbuddLite.app */;
			productType = "com.apple.product-type.application";
		};
		F73153C52CE7924D006B0051 /* FilmbuddLite Extension */ = {
			isa = PBXNativeTarget;
			buildConfigurationList = F73153D22CE7924D006B0051 /* Build configuration list for PBXNativeTarget "FilmbuddLite Extension" */;
			buildPhases = (
				F73153C22CE7924D006B0051 /* Sources */,
				F73153C32CE7924D006B0051 /* Frameworks */,
				F73153C42CE7924D006B0051 /* Resources */,
			);
			buildRules = (
			);
			dependencies = (
			);
			name = "FilmbuddLite Extension";
			productName = "FilmbuddLite Extension";
			productReference = F73153C62CE7924D006B0051 /* FilmbuddLite Extension.appex */;
			productType = "com.apple.product-type.app-extension";
		};
/* End PBXNativeTarget section */

/* Begin PBXProject section */
		F731539D2CE7924B006B0051 /* Project object */ = {
			isa = PBXProject;
			attributes = {
				BuildIndependentTargetsInParallel = 1;
				LastUpgradeCheck = 1540;
				TargetAttributes = {
					F73153A42CE7924B006B0051 = {
						CreatedOnToolsVersion = 15.4;
					};
					F73153C52CE7924D006B0051 = {
						CreatedOnToolsVersion = 15.4;
					};
				};
			};
			buildConfigurationList = F73153A02CE7924B006B0051 /* Build configuration list for PBXProject "FilmbuddLite" */;
			compatibilityVersion = "Xcode 14.0";
			developmentRegion = en;
			hasScannedForEncodings = 0;
			knownRegions = (
				en,
				Base,
			);
			mainGroup = F731539C2CE7924B006B0051;
			productRefGroup = F73153A62CE7924B006B0051 /* Products */;
			projectDirPath = "";
			projectRoot = "";
			targets = (
				F73153A42CE7924B006B0051 /* FilmbuddLite */,
				F73153C52CE7924D006B0051 /* FilmbuddLite Extension */,
			);
		};
/* End PBXProject section */

/* Begin PBXResourcesBuildPhase section */
		F73153A32CE7924B006B0051 /* Resources */ = {
			isa = PBXResourcesBuildPhase;
			buildActionMask = 2147483647;
			files = (
				F73153B02CE7924B006B0051 /* Icon.png in Resources */,
				F73153B42CE7924B006B0051 /* Script.js in Resources */,
				F73153AE2CE7924B006B0051 /* Base in Resources */,
				F73153B22CE7924B006B0051 /* Style.css in Resources */,
				F73153BC2CE7924D006B0051 /* Assets.xcassets in Resources */,
				F73153BA2CE7924B006B0051 /* Base in Resources */,
			);
			runOnlyForDeploymentPostprocessing = 0;
		};
		F73153C42CE7924D006B0051 /* Resources */ = {
			isa = PBXResourcesBuildPhase;
			buildActionMask = 2147483647;
			files = (
				F73153E72CE7924D006B0051 /* _locales in Resources */,
				F73153E92CE7924D006B0051 /* assets in Resources */,
				F73153E42CE7924D006B0051 /* chunks in Resources */,
				F73153E82CE7924D006B0051 /* icon in Resources */,
				F73153E22CE7924D006B0051 /* background.js in Resources */,
				F73153E62CE7924D006B0051 /* manifest.json in Resources */,
				F73153E32CE7924D006B0051 /* popup.html in Resources */,
				F73153E52CE7924D006B0051 /* content-scripts in Resources */,
			);
			runOnlyForDeploymentPostprocessing = 0;
		};
/* End PBXResourcesBuildPhase section */

/* Begin PBXSourcesBuildPhase section */
		F73153A12CE7924B006B0051 /* Sources */ = {
			isa = PBXSourcesBuildPhase;
			buildActionMask = 2147483647;
			files = (
				F73153B72CE7924B006B0051 /* ViewController.m in Sources */,
				F73153BF2CE7924D006B0051 /* main.m in Sources */,
				F73153AA2CE7924B006B0051 /* AppDelegate.m in Sources */,
			);
			runOnlyForDeploymentPostprocessing = 0;
		};
		F73153C22CE7924D006B0051 /* Sources */ = {
			isa = PBXSourcesBuildPhase;
			buildActionMask = 2147483647;
			files = (
				F73153CD2CE7924D006B0051 /* SafariWebExtensionHandler.m in Sources */,
			);
			runOnlyForDeploymentPostprocessing = 0;
		};
/* End PBXSourcesBuildPhase section */

/* Begin PBXTargetDependency section */
		F73153C92CE7924D006B0051 /* PBXTargetDependency */ = {
			isa = PBXTargetDependency;
			target = F73153C52CE7924D006B0051 /* FilmbuddLite Extension */;
			targetProxy = F73153C82CE7924D006B0051 /* PBXContainerItemProxy */;
		};
/* End PBXTargetDependency section */

/* Begin PBXVariantGroup section */
		F73153AC2CE7924B006B0051 /* Main.html */ = {
			isa = PBXVariantGroup;
			children = (
				F73153AD2CE7924B006B0051 /* Base */,
			);
			name = Main.html;
			sourceTree = "<group>";
		};
		F73153B82CE7924B006B0051 /* Main.storyboard */ = {
			isa = PBXVariantGroup;
			children = (
				F73153B92CE7924B006B0051 /* Base */,
			);
			name = Main.storyboard;
			sourceTree = "<group>";
		};
/* End PBXVariantGroup section */

/* Begin XCBuildConfiguration section */
		F73153D02CE7924D006B0051 /* Debug */ = {
			isa = XCBuildConfiguration;
			buildSettings = {
				ALWAYS_SEARCH_USER_PATHS = NO;
				ASSETCATALOG_COMPILER_GENERATE_SWIFT_ASSET_SYMBOL_EXTENSIONS = YES;
				CLANG_ANALYZER_NONNULL = YES;
				CLANG_ANALYZER_NUMBER_OBJECT_CONVERSION = YES_AGGRESSIVE;
				CLANG_CXX_LANGUAGE_STANDARD = "gnu++20";
				CLANG_ENABLE_MODULES = YES;
				CLANG_ENABLE_OBJC_ARC = YES;
				CLANG_ENABLE_OBJC_WEAK = YES;
				CLANG_WARN_BLOCK_CAPTURE_AUTORELEASING = YES;
				CLANG_WARN_BOOL_CONVERSION = YES;
				CLANG_WARN_COMMA = YES;
				CLANG_WARN_CONSTANT_CONVERSION = YES;
				CLANG_WARN_DEPRECATED_OBJC_IMPLEMENTATIONS = YES;
				CLANG_WARN_DIRECT_OBJC_ISA_USAGE = YES_ERROR;
				CLANG_WARN_DOCUMENTATION_COMMENTS = YES;
				CLANG_WARN_EMPTY_BODY = YES;
				CLANG_WARN_ENUM_CONVERSION = YES;
				CLANG_WARN_INFINITE_RECURSION = YES;
				CLANG_WARN_INT_CONVERSION = YES;
				CLANG_WARN_NON_LITERAL_NULL_CONVERSION = YES;
				CLANG_WARN_OBJC_IMPLICIT_RETAIN_SELF = YES;
				CLANG_WARN_OBJC_LITERAL_CONVERSION = YES;
				CLANG_WARN_OBJC_ROOT_CLASS = YES_ERROR;
				CLANG_WARN_QUOTED_INCLUDE_IN_FRAMEWORK_HEADER = YES;
				CLANG_WARN_RANGE_LOOP_ANALYSIS = YES;
				CLANG_WARN_STRICT_PROTOTYPES = YES;
				CLANG_WARN_SUSPICIOUS_MOVE = YES;
				CLANG_WARN_UNGUARDED_AVAILABILITY = YES_AGGRESSIVE;
				CLANG_WARN_UNREACHABLE_CODE = YES;
				CLANG_WARN__DUPLICATE_METHOD_MATCH = YES;
				COPY_PHASE_STRIP = NO;
				DEBUG_INFORMATION_FORMAT = dwarf;
				ENABLE_STRICT_OBJC_MSGSEND = YES;
				ENABLE_TESTABILITY = YES;
				ENABLE_USER_SCRIPT_SANDBOXING = YES;
				GCC_C_LANGUAGE_STANDARD = gnu17;
				GCC_DYNAMIC_NO_PIC = NO;
				GCC_NO_COMMON_BLOCKS = YES;
				GCC_OPTIMIZATION_LEVEL = 0;
				GCC_PREPROCESSOR_DEFINITIONS = (
					"DEBUG=1",
					"$(inherited)",
				);
				GCC_WARN_64_TO_32_BIT_CONVERSION = YES;
				GCC_WARN_ABOUT_RETURN_TYPE = YES_ERROR;
				GCC_WARN_UNDECLARED_SELECTOR = YES;
				GCC_WARN_UNINITIALIZED_AUTOS = YES_AGGRESSIVE;
				GCC_WARN_UNUSED_FUNCTION = YES;
				GCC_WARN_UNUSED_VARIABLE = YES;
				LOCALIZATION_PREFERS_STRING_CATALOGS = YES;
				MACOSX_DEPLOYMENT_TARGET = 12.3;
				MTL_ENABLE_DEBUG_INFO = INCLUDE_SOURCE;
				MTL_FAST_MATH = YES;
				ONLY_ACTIVE_ARCH = YES;
				SDKROOT = macosx;
			};
			name = Debug;
		};
		F73153D12CE7924D006B0051 /* Release */ = {
			isa = XCBuildConfiguration;
			buildSettings = {
				ALWAYS_SEARCH_USER_PATHS = NO;
				ASSETCATALOG_COMPILER_GENERATE_SWIFT_ASSET_SYMBOL_EXTENSIONS = YES;
				CLANG_ANALYZER_NONNULL = YES;
				CLANG_ANALYZER_NUMBER_OBJECT_CONVERSION = YES_AGGRESSIVE;
				CLANG_CXX_LANGUAGE_STANDARD = "gnu++20";
				CLANG_ENABLE_MODULES = YES;
				CLANG_ENABLE_OBJC_ARC = YES;
				CLANG_ENABLE_OBJC_WEAK = YES;
				CLANG_WARN_BLOCK_CAPTURE_AUTORELEASING = YES;
				CLANG_WARN_BOOL_CONVERSION = YES;
				CLANG_WARN_COMMA = YES;
				CLANG_WARN_CONSTANT_CONVERSION = YES;
				CLANG_WARN_DEPRECATED_OBJC_IMPLEMENTATIONS = YES;
				CLANG_WARN_DIRECT_OBJC_ISA_USAGE = YES_ERROR;
				CLANG_WARN_DOCUMENTATION_COMMENTS = YES;
				CLANG_WARN_EMPTY_BODY = YES;
				CLANG_WARN_ENUM_CONVERSION = YES;
				CLANG_WARN_INFINITE_RECURSION = YES;
				CLANG_WARN_INT_CONVERSION = YES;
				CLANG_WARN_NON_LITERAL_NULL_CONVERSION = YES;
				CLANG_WARN_OBJC_IMPLICIT_RETAIN_SELF = YES;
				CLANG_WARN_OBJC_LITERAL_CONVERSION = YES;
				CLANG_WARN_OBJC_ROOT_CLASS = YES_ERROR;
				CLANG_WARN_QUOTED_INCLUDE_IN_FRAMEWORK_HEADER = YES;
				CLANG_WARN_RANGE_LOOP_ANALYSIS = YES;
				CLANG_WARN_STRICT_PROTOTYPES = YES;
				CLANG_WARN_SUSPICIOUS_MOVE = YES;
				CLANG_WARN_UNGUARDED_AVAILABILITY = YES_AGGRESSIVE;
				CLANG_WARN_UNREACHABLE_CODE = YES;
				CLANG_WARN__DUPLICATE_METHOD_MATCH = YES;
				COPY_PHASE_STRIP = NO;
				DEBUG_INFORMATION_FORMAT = "dwarf-with-dsym";
				ENABLE_NS_ASSERTIONS = NO;
				ENABLE_STRICT_OBJC_MSGSEND = YES;
				ENABLE_USER_SCRIPT_SANDBOXING = YES;
				GCC_C_LANGUAGE_STANDARD = gnu17;
				GCC_NO_COMMON_BLOCKS = YES;
				GCC_WARN_64_TO_32_BIT_CONVERSION = YES;
				GCC_WARN_ABOUT_RETURN_TYPE = YES_ERROR;
				GCC_WARN_UNDECLARED_SELECTOR = YES;
				GCC_WARN_UNINITIALIZED_AUTOS = YES_AGGRESSIVE;
				GCC_WARN_UNUSED_FUNCTION = YES;
				GCC_WARN_UNUSED_VARIABLE = YES;
				LOCALIZATION_PREFERS_STRING_CATALOGS = YES;
				MACOSX_DEPLOYMENT_TARGET = 12.3;
				MTL_ENABLE_DEBUG_INFO = NO;
				MTL_FAST_MATH = YES;
				SDKROOT = macosx;
			};
			name = Release;
		};
		F73153D32CE7924D006B0051 /* Debug */ = {
			isa = XCBuildConfiguration;
			buildSettings = {
				CODE_SIGN_ENTITLEMENTS = "FilmbuddLite Extension/FilmbuddLite_Extension.entitlements";
				CODE_SIGN_STYLE = Automatic;
				CURRENT_PROJECT_VERSION = 1;
				DEVELOPMENT_TEAM = "";
				ENABLE_HARDENED_RUNTIME = YES;
				GENERATE_INFOPLIST_FILE = YES;
				INFOPLIST_FILE = "FilmbuddLite Extension/Info.plist";
				INFOPLIST_KEY_CFBundleDisplayName = "FilmbuddLite Extension";
				INFOPLIST_KEY_NSHumanReadableCopyright = "";
				LD_RUNPATH_SEARCH_PATHS = (
					"$(inherited)",
					"@executable_path/../Frameworks",
					"@executable_path/../../../../Frameworks",
				);
				MACOSX_DEPLOYMENT_TARGET = 11.5;
				MARKETING_VERSION = 1.0;
				OTHER_LDFLAGS = (
					"-framework",
					SafariServices,
				);
				PRODUCT_BUNDLE_IDENTIFIER = com.filmbudd.FilmbuddLite.Extension;
				PRODUCT_NAME = "$(TARGET_NAME)";
				SKIP_INSTALL = YES;
				SWIFT_EMIT_LOC_STRINGS = YES;
			};
			name = Debug;
		};
		F73153D42CE7924D006B0051 /* Release */ = {
			isa = XCBuildConfiguration;
			buildSettings = {
				CODE_SIGN_ENTITLEMENTS = "FilmbuddLite Extension/FilmbuddLite_Extension.entitlements";
				CODE_SIGN_STYLE = Automatic;
				CURRENT_PROJECT_VERSION = 1;
				DEVELOPMENT_TEAM = "";
				ENABLE_HARDENED_RUNTIME = YES;
				GENERATE_INFOPLIST_FILE = YES;
				INFOPLIST_FILE = "FilmbuddLite Extension/Info.plist";
				INFOPLIST_KEY_CFBundleDisplayName = "FilmbuddLite Extension";
				INFOPLIST_KEY_NSHumanReadableCopyright = "";
				LD_RUNPATH_SEARCH_PATHS = (
					"$(inherited)",
					"@executable_path/../Frameworks",
					"@executable_path/../../../../Frameworks",
				);
				MACOSX_DEPLOYMENT_TARGET = 11.5;
				MARKETING_VERSION = 1.0;
				OTHER_LDFLAGS = (
					"-framework",
					SafariServices,
				);
				PRODUCT_BUNDLE_IDENTIFIER = com.filmbudd.FilmbuddLite.Extension;
				PRODUCT_NAME = "$(TARGET_NAME)";
				SKIP_INSTALL = YES;
				SWIFT_EMIT_LOC_STRINGS = YES;
			};
			name = Release;
		};
		F73153D72CE7924D006B0051 /* Debug */ = {
			isa = XCBuildConfiguration;
			buildSettings = {
				ASSETCATALOG_COMPILER_APPICON_NAME = AppIcon;
				ASSETCATALOG_COMPILER_GLOBAL_ACCENT_COLOR_NAME = AccentColor;
				CODE_SIGN_ENTITLEMENTS = FilmbuddLite/FilmbuddLite.entitlements;
				"CODE_SIGN_IDENTITY[sdk=macosx*]" = "-";
				CODE_SIGN_STYLE = Automatic;
				COMBINE_HIDPI_IMAGES = YES;
				CURRENT_PROJECT_VERSION = 1;
				DEVELOPMENT_TEAM = "";
				ENABLE_HARDENED_RUNTIME = YES;
				GENERATE_INFOPLIST_FILE = YES;
				INFOPLIST_FILE = FilmbuddLite/Info.plist;
				INFOPLIST_KEY_CFBundleDisplayName = FilmbuddLite;
				INFOPLIST_KEY_LSApplicationCategoryType = "public.app-category.entertainment";
				INFOPLIST_KEY_NSHumanReadableCopyright = "";
				INFOPLIST_KEY_NSMainStoryboardFile = Main;
				INFOPLIST_KEY_NSPrincipalClass = NSApplication;
				LD_RUNPATH_SEARCH_PATHS = (
					"$(inherited)",
					"@executable_path/../Frameworks",
				);
				MACOSX_DEPLOYMENT_TARGET = 11.5;
				MARKETING_VERSION = 24.9.30;
				OTHER_LDFLAGS = (
					"-framework",
					SafariServices,
					"-framework",
					WebKit,
				);
				PRODUCT_BUNDLE_IDENTIFIER = com.filmbudd.FilmbuddLite;
				PRODUCT_NAME = "$(TARGET_NAME)";
				SWIFT_EMIT_LOC_STRINGS = YES;
			};
			name = Debug;
		};
		F73153D82CE7924D006B0051 /* Release */ = {
			isa = XCBuildConfiguration;
			buildSettings = {
				ASSETCATALOG_COMPILER_APPICON_NAME = AppIcon;
				ASSETCATALOG_COMPILER_GLOBAL_ACCENT_COLOR_NAME = AccentColor;
				CODE_SIGN_ENTITLEMENTS = FilmbuddLite/FilmbuddLite.entitlements;
				"CODE_SIGN_IDENTITY[sdk=macosx*]" = "-";
				CODE_SIGN_STYLE = Automatic;
				COMBINE_HIDPI_IMAGES = YES;
				CURRENT_PROJECT_VERSION = 1;
				DEVELOPMENT_TEAM = "";
				ENABLE_HARDENED_RUNTIME = YES;
				GENERATE_INFOPLIST_FILE = YES;
				INFOPLIST_FILE = FilmbuddLite/Info.plist;
				INFOPLIST_KEY_CFBundleDisplayName = FilmbuddLite;
				INFOPLIST_KEY_LSApplicationCategoryType = "public.app-category.entertainment";
				INFOPLIST_KEY_NSHumanReadableCopyright = "";
				INFOPLIST_KEY_NSMainStoryboardFile = Main;
				INFOPLIST_KEY_NSPrincipalClass = NSApplication;
				LD_RUNPATH_SEARCH_PATHS = (
					"$(inherited)",
					"@executable_path/../Frameworks",
				);
				MACOSX_DEPLOYMENT_TARGET = 11.5;
				MARKETING_VERSION = 24.9.30;
				OTHER_LDFLAGS = (
					"-framework",
					SafariServices,
					"-framework",
					WebKit,
				);
				PRODUCT_BUNDLE_IDENTIFIER = com.filmbudd.FilmbuddLite;
				PRODUCT_NAME = "$(TARGET_NAME)";
				SWIFT_EMIT_LOC_STRINGS = YES;
			};
			name = Release;
		};
/* End XCBuildConfiguration section */

/* Begin XCConfigurationList section */
		F73153A02CE7924B006B0051 /* Build configuration list for PBXProject "FilmbuddLite" */ = {
			isa = XCConfigurationList;
			buildConfigurations = (
				F73153D02CE7924D006B0051 /* Debug */,
				F73153D12CE7924D006B0051 /* Release */,
			);
			defaultConfigurationIsVisible = 0;
			defaultConfigurationName = Release;
		};
		F73153D22CE7924D006B0051 /* Build configuration list for PBXNativeTarget "FilmbuddLite Extension" */ = {
			isa = XCConfigurationList;
			buildConfigurations = (
				F73153D32CE7924D006B0051 /* Debug */,
				F73153D42CE7924D006B0051 /* Release */,
			);
			defaultConfigurationIsVisible = 0;
			defaultConfigurationName = Release;
		};
		F73153D62CE7924D006B0051 /* Build configuration list for PBXNativeTarget "FilmbuddLite" */ = {
			isa = XCConfigurationList;
			buildConfigurations = (
				F73153D72CE7924D006B0051 /* Debug */,
				F73153D82CE7924D006B0051 /* Release */,
			);
			defaultConfigurationIsVisible = 0;
			defaultConfigurationName = Release;
		};
/* End XCConfigurationList section */
	};
	rootObject = F731539D2CE7924B006B0051 /* Project object */;
}
